
Microsoft Visual Studio Solution File, Format Version 12.00
# Visual Studio 15
VisualStudioVersion = 15.0.27428.2043
MinimumVisualStudioVersion = 10.0.40219.1
Project("{FAE04EC0-301F-11D3-BF4B-00C04F79EFBC}") = "ProjectMobileApps", "ProjectMobileApps\ProjectMobileApps\ProjectMobileApps.csproj", "{11709131-545F-4A0C-A7F3-137B835C967A}"
EndProject
Project("{FAE04EC0-301F-11D3-BF4B-00C04F79EFBC}") = "ProjectMobileApps.Android", "ProjectMobileApps\ProjectMobileApps.Android\ProjectMobileApps.Android.csproj", "{B9B1F478-5485-41F9-9646-7B9385B2A8F2}"
EndProject
Global
	GlobalSection(SolutionConfigurationPlatforms) = preSolution
		Debug|Any CPU = Debug|Any CPU
		Release|Any CPU = Release|Any CPU
	EndGlobalSection
	GlobalSection(ProjectConfigurationPlatforms) = postSolution
		{11709131-545F-4A0C-A7F3-137B835C967A}.Debug|Any CPU.ActiveCfg = Debug|Any CPU
		{11709131-545F-4A0C-A7F3-137B835C967A}.Debug|Any CPU.Build.0 = Debug|Any CPU
		{11709131-545F-4A0C-A7F3-137B835C967A}.Release|Any CPU.ActiveCfg = Release|Any CPU
		{11709131-545F-4A0C-A7F3-137B835C967A}.Release|Any CPU.Build.0 = Release|Any CPU
		{B9B1F478-5485-41F9-9646-7B9385B2A8F2}.Debug|Any CPU.ActiveCfg = Debug|Any CPU
		{B9B1F478-5485-41F9-9646-7B9385B2A8F2}.Debug|Any CPU.Build.0 = Debug|Any CPU
		{B9B1F478-5485-41F9-9646-7B9385B2A8F2}.Debug|Any CPU.Deploy.0 = Debug|Any CPU
		{B9B1F478-5485-41F9-9646-7B9385B2A8F2}.Release|Any CPU.ActiveCfg = Release|Any CPU
		{B9B1F478-5485-41F9-9646-7B9385B2A8F2}.Release|Any CPU.Build.0 = Release|Any CPU
		{B9B1F478-5485-41F9-9646-7B9385B2A8F2}.Release|Any CPU.Deploy.0 = Release|Any CPU
	EndGlobalSection
	GlobalSection(SolutionProperties) = preSolution
		HideSolutionNode = FALSE
	EndGlobalSection
	GlobalSection(ExtensibilityGlobals) = postSolution
		SolutionGuid = {89F7FE38-30E1-4320-ADB0-30461C38D1C7}
	EndGlobalSection
EndGlobal
