
Microsoft Visual Studio Solution File, Format Version 12.00
# Visual Studio 15
VisualStudioVersion = 15.0.27428.2015
MinimumVisualStudioVersion = 10.0.40219.1
Project("{FAE04EC0-301F-11D3-BF4B-00C04F79EFBC}") = "ProjectMobileApps", "ProjectMobileApps\ProjectMobileApps\ProjectMobileApps.csproj", "{87874976-E248-42F3-AFC3-5D76E33B1060}"
EndProject
Project("{FAE04EC0-301F-11D3-BF4B-00C04F79EFBC}") = "ProjectMobileApps.Android", "ProjectMobileApps\ProjectMobileApps.Android\ProjectMobileApps.Android.csproj", "{7FC512C9-AEBC-4213-8986-022FE8DC4642}"
EndProject
Project("{FAE04EC0-301F-11D3-BF4B-00C04F79EFBC}") = "ProjectMobileApps.iOS", "ProjectMobileApps\ProjectMobileApps.iOS\ProjectMobileApps.iOS.csproj", "{ADA1FFB7-37D4-48FB-A7E2-895DC1A7EBEE}"
EndProject
Project("{FAE04EC0-301F-11D3-BF4B-00C04F79EFBC}") = "ProjectMobileApps.UWP", "ProjectMobileApps\ProjectMobileApps.UWP\ProjectMobileApps.UWP.csproj", "{B3DA1B37-AD4D-4F51-98BB-1164DAF6E1EE}"
EndProject
Global
	GlobalSection(SolutionConfigurationPlatforms) = preSolution
		Ad-Hoc|Any CPU = Ad-Hoc|Any CPU
		Ad-Hoc|ARM = Ad-Hoc|ARM
		Ad-Hoc|iPhone = Ad-Hoc|iPhone
		Ad-Hoc|iPhoneSimulator = Ad-Hoc|iPhoneSimulator
		Ad-Hoc|x64 = Ad-Hoc|x64
		Ad-Hoc|x86 = Ad-Hoc|x86
		AppStore|Any CPU = AppStore|Any CPU
		AppStore|ARM = AppStore|ARM
		AppStore|iPhone = AppStore|iPhone
		AppStore|iPhoneSimulator = AppStore|iPhoneSimulator
		AppStore|x64 = AppStore|x64
		AppStore|x86 = AppStore|x86
		Debug|Any CPU = Debug|Any CPU
		Debug|ARM = Debug|ARM
		Debug|iPhone = Debug|iPhone
		Debug|iPhoneSimulator = Debug|iPhoneSimulator
		Debug|x64 = Debug|x64
		Debug|x86 = Debug|x86
		Release|Any CPU = Release|Any CPU
		Release|ARM = Release|ARM
		Release|iPhone = Release|iPhone
		Release|iPhoneSimulator = Release|iPhoneSimulator
		Release|x64 = Release|x64
		Release|x86 = Release|x86
	EndGlobalSection
	GlobalSection(ProjectConfigurationPlatforms) = postSolution
		{87874976-E248-42F3-AFC3-5D76E33B1060}.Ad-Hoc|Any CPU.ActiveCfg = Debug|Any CPU
		{87874976-E248-42F3-AFC3-5D76E33B1060}.Ad-Hoc|Any CPU.Build.0 = Debug|Any CPU
		{87874976-E248-42F3-AFC3-5D76E33B1060}.Ad-Hoc|ARM.ActiveCfg = Debug|Any CPU
		{87874976-E248-42F3-AFC3-5D76E33B1060}.Ad-Hoc|ARM.Build.0 = Debug|Any CPU
		{87874976-E248-42F3-AFC3-5D76E33B1060}.Ad-Hoc|iPhone.ActiveCfg = Debug|Any CPU
		{87874976-E248-42F3-AFC3-5D76E33B1060}.Ad-Hoc|iPhone.Build.0 = Debug|Any CPU
		{87874976-E248-42F3-AFC3-5D76E33B1060}.Ad-Hoc|iPhoneSimulator.ActiveCfg = Debug|Any CPU
		{87874976-E248-42F3-AFC3-5D76E33B1060}.Ad-Hoc|iPhoneSimulator.Build.0 = Debug|Any CPU
		{87874976-E248-42F3-AFC3-5D76E33B1060}.Ad-Hoc|x64.ActiveCfg = Debug|Any CPU
		{87874976-E248-42F3-AFC3-5D76E33B1060}.Ad-Hoc|x64.Build.0 = Debug|Any CPU
		{87874976-E248-42F3-AFC3-5D76E33B1060}.Ad-Hoc|x86.ActiveCfg = Debug|Any CPU
		{87874976-E248-42F3-AFC3-5D76E33B1060}.Ad-Hoc|x86.Build.0 = Debug|Any CPU
		{87874976-E248-42F3-AFC3-5D76E33B1060}.AppStore|Any CPU.ActiveCfg = Debug|Any CPU
		{87874976-E248-42F3-AFC3-5D76E33B1060}.AppStore|Any CPU.Build.0 = Debug|Any CPU
		{87874976-E248-42F3-AFC3-5D76E33B1060}.AppStore|ARM.ActiveCfg = Debug|Any CPU
		{87874976-E248-42F3-AFC3-5D76E33B1060}.AppStore|ARM.Build.0 = Debug|Any CPU
		{87874976-E248-42F3-AFC3-5D76E33B1060}.AppStore|iPhone.ActiveCfg = Debug|Any CPU
		{87874976-E248-42F3-AFC3-5D76E33B1060}.AppStore|iPhone.Build.0 = Debug|Any CPU
		{87874976-E248-42F3-AFC3-5D76E33B1060}.AppStore|iPhoneSimulator.ActiveCfg = Debug|Any CPU
		{87874976-E248-42F3-AFC3-5D76E33B1060}.AppStore|iPhoneSimulator.Build.0 = Debug|Any CPU
		{87874976-E248-42F3-AFC3-5D76E33B1060}.AppStore|x64.ActiveCfg = Debug|Any CPU
		{87874976-E248-42F3-AFC3-5D76E33B1060}.AppStore|x64.Build.0 = Debug|Any CPU
		{87874976-E248-42F3-AFC3-5D76E33B1060}.AppStore|x86.ActiveCfg = Debug|Any CPU
		{87874976-E248-42F3-AFC3-5D76E33B1060}.AppStore|x86.Build.0 = Debug|Any CPU
		{87874976-E248-42F3-AFC3-5D76E33B1060}.Debug|Any CPU.ActiveCfg = Debug|Any CPU
		{87874976-E248-42F3-AFC3-5D76E33B1060}.Debug|Any CPU.Build.0 = Debug|Any CPU
		{87874976-E248-42F3-AFC3-5D76E33B1060}.Debug|ARM.ActiveCfg = Debug|Any CPU
		{87874976-E248-42F3-AFC3-5D76E33B1060}.Debug|ARM.Build.0 = Debug|Any CPU
		{87874976-E248-42F3-AFC3-5D76E33B1060}.Debug|iPhone.ActiveCfg = Debug|Any CPU
		{87874976-E248-42F3-AFC3-5D76E33B1060}.Debug|iPhone.Build.0 = Debug|Any CPU
		{87874976-E248-42F3-AFC3-5D76E33B1060}.Debug|iPhoneSimulator.ActiveCfg = Debug|Any CPU
		{87874976-E248-42F3-AFC3-5D76E33B1060}.Debug|iPhoneSimulator.Build.0 = Debug|Any CPU
		{87874976-E248-42F3-AFC3-5D76E33B1060}.Debug|x64.ActiveCfg = Debug|Any CPU
		{87874976-E248-42F3-AFC3-5D76E33B1060}.Debug|x64.Build.0 = Debug|Any CPU
		{87874976-E248-42F3-AFC3-5D76E33B1060}.Debug|x86.ActiveCfg = Debug|Any CPU
		{87874976-E248-42F3-AFC3-5D76E33B1060}.Debug|x86.Build.0 = Debug|Any CPU
		{87874976-E248-42F3-AFC3-5D76E33B1060}.Release|Any CPU.ActiveCfg = Release|Any CPU
		{87874976-E248-42F3-AFC3-5D76E33B1060}.Release|Any CPU.Build.0 = Release|Any CPU
		{87874976-E248-42F3-AFC3-5D76E33B1060}.Release|ARM.ActiveCfg = Release|Any CPU
		{87874976-E248-42F3-AFC3-5D76E33B1060}.Release|ARM.Build.0 = Release|Any CPU
		{87874976-E248-42F3-AFC3-5D76E33B1060}.Release|iPhone.ActiveCfg = Release|Any CPU
		{87874976-E248-42F3-AFC3-5D76E33B1060}.Release|iPhone.Build.0 = Release|Any CPU
		{87874976-E248-42F3-AFC3-5D76E33B1060}.Release|iPhoneSimulator.ActiveCfg = Release|Any CPU
		{87874976-E248-42F3-AFC3-5D76E33B1060}.Release|iPhoneSimulator.Build.0 = Release|Any CPU
		{87874976-E248-42F3-AFC3-5D76E33B1060}.Release|x64.ActiveCfg = Release|Any CPU
		{87874976-E248-42F3-AFC3-5D76E33B1060}.Release|x64.Build.0 = Release|Any CPU
		{87874976-E248-42F3-AFC3-5D76E33B1060}.Release|x86.ActiveCfg = Release|Any CPU
		{87874976-E248-42F3-AFC3-5D76E33B1060}.Release|x86.Build.0 = Release|Any CPU
		{7FC512C9-AEBC-4213-8986-022FE8DC4642}.Ad-Hoc|Any CPU.ActiveCfg = Release|Any CPU
		{7FC512C9-AEBC-4213-8986-022FE8DC4642}.Ad-Hoc|Any CPU.Build.0 = Release|Any CPU
		{7FC512C9-AEBC-4213-8986-022FE8DC4642}.Ad-Hoc|Any CPU.Deploy.0 = Release|Any CPU
		{7FC512C9-AEBC-4213-8986-022FE8DC4642}.Ad-Hoc|ARM.ActiveCfg = Release|Any CPU
		{7FC512C9-AEBC-4213-8986-022FE8DC4642}.Ad-Hoc|ARM.Build.0 = Release|Any CPU
		{7FC512C9-AEBC-4213-8986-022FE8DC4642}.Ad-Hoc|ARM.Deploy.0 = Release|Any CPU
		{7FC512C9-AEBC-4213-8986-022FE8DC4642}.Ad-Hoc|iPhone.ActiveCfg = Release|Any CPU
		{7FC512C9-AEBC-4213-8986-022FE8DC4642}.Ad-Hoc|iPhone.Build.0 = Release|Any CPU
		{7FC512C9-AEBC-4213-8986-022FE8DC4642}.Ad-Hoc|iPhone.Deploy.0 = Release|Any CPU
		{7FC512C9-AEBC-4213-8986-022FE8DC4642}.Ad-Hoc|iPhoneSimulator.ActiveCfg = Release|Any CPU
		{7FC512C9-AEBC-4213-8986-022FE8DC4642}.Ad-Hoc|iPhoneSimulator.Build.0 = Release|Any CPU
		{7FC512C9-AEBC-4213-8986-022FE8DC4642}.Ad-Hoc|iPhoneSimulator.Deploy.0 = Release|Any CPU
		{7FC512C9-AEBC-4213-8986-022FE8DC4642}.Ad-Hoc|x64.ActiveCfg = Release|Any CPU
		{7FC512C9-AEBC-4213-8986-022FE8DC4642}.Ad-Hoc|x64.Build.0 = Release|Any CPU
		{7FC512C9-AEBC-4213-8986-022FE8DC4642}.Ad-Hoc|x64.Deploy.0 = Release|Any CPU
		{7FC512C9-AEBC-4213-8986-022FE8DC4642}.Ad-Hoc|x86.ActiveCfg = Release|Any CPU
		{7FC512C9-AEBC-4213-8986-022FE8DC4642}.Ad-Hoc|x86.Build.0 = Release|Any CPU
		{7FC512C9-AEBC-4213-8986-022FE8DC4642}.Ad-Hoc|x86.Deploy.0 = Release|Any CPU
		{7FC512C9-AEBC-4213-8986-022FE8DC4642}.AppStore|Any CPU.ActiveCfg = Release|Any CPU
		{7FC512C9-AEBC-4213-8986-022FE8DC4642}.AppStore|Any CPU.Build.0 = Release|Any CPU
		{7FC512C9-AEBC-4213-8986-022FE8DC4642}.AppStore|Any CPU.Deploy.0 = Release|Any CPU
		{7FC512C9-AEBC-4213-8986-022FE8DC4642}.AppStore|ARM.ActiveCfg = Release|Any CPU
		{7FC512C9-AEBC-4213-8986-022FE8DC4642}.AppStore|ARM.Build.0 = Release|Any CPU
		{7FC512C9-AEBC-4213-8986-022FE8DC4642}.AppStore|ARM.Deploy.0 = Release|Any CPU
		{7FC512C9-AEBC-4213-8986-022FE8DC4642}.AppStore|iPhone.ActiveCfg = Release|Any CPU
		{7FC512C9-AEBC-4213-8986-022FE8DC4642}.AppStore|iPhone.Build.0 = Release|Any CPU
		{7FC512C9-AEBC-4213-8986-022FE8DC4642}.AppStore|iPhone.Deploy.0 = Release|Any CPU
		{7FC512C9-AEBC-4213-8986-022FE8DC4642}.AppStore|iPhoneSimulator.ActiveCfg = Release|Any CPU
		{7FC512C9-AEBC-4213-8986-022FE8DC4642}.AppStore|iPhoneSimulator.Build.0 = Release|Any CPU
		{7FC512C9-AEBC-4213-8986-022FE8DC4642}.AppStore|iPhoneSimulator.Deploy.0 = Release|Any CPU
		{7FC512C9-AEBC-4213-8986-022FE8DC4642}.AppStore|x64.ActiveCfg = Release|Any CPU
		{7FC512C9-AEBC-4213-8986-022FE8DC4642}.AppStore|x64.Build.0 = Release|Any CPU
		{7FC512C9-AEBC-4213-8986-022FE8DC4642}.AppStore|x64.Deploy.0 = Release|Any CPU
		{7FC512C9-AEBC-4213-8986-022FE8DC4642}.AppStore|x86.ActiveCfg = Release|Any CPU
		{7FC512C9-AEBC-4213-8986-022FE8DC4642}.AppStore|x86.Build.0 = Release|Any CPU
		{7FC512C9-AEBC-4213-8986-022FE8DC4642}.AppStore|x86.Deploy.0 = Release|Any CPU
		{7FC512C9-AEBC-4213-8986-022FE8DC4642}.Debug|Any CPU.ActiveCfg = Debug|Any CPU
		{7FC512C9-AEBC-4213-8986-022FE8DC4642}.Debug|Any CPU.Build.0 = Debug|Any CPU
		{7FC512C9-AEBC-4213-8986-022FE8DC4642}.Debug|Any CPU.Deploy.0 = Debug|Any CPU
		{7FC512C9-AEBC-4213-8986-022FE8DC4642}.Debug|ARM.ActiveCfg = Debug|Any CPU
		{7FC512C9-AEBC-4213-8986-022FE8DC4642}.Debug|ARM.Build.0 = Debug|Any CPU
		{7FC512C9-AEBC-4213-8986-022FE8DC4642}.Debug|ARM.Deploy.0 = Debug|Any CPU
		{7FC512C9-AEBC-4213-8986-022FE8DC4642}.Debug|iPhone.ActiveCfg = Debug|Any CPU
		{7FC512C9-AEBC-4213-8986-022FE8DC4642}.Debug|iPhone.Build.0 = Debug|Any CPU
		{7FC512C9-AEBC-4213-8986-022FE8DC4642}.Debug|iPhone.Deploy.0 = Debug|Any CPU
		{7FC512C9-AEBC-4213-8986-022FE8DC4642}.Debug|iPhoneSimulator.ActiveCfg = Debug|Any CPU
		{7FC512C9-AEBC-4213-8986-022FE8DC4642}.Debug|iPhoneSimulator.Build.0 = Debug|Any CPU
		{7FC512C9-AEBC-4213-8986-022FE8DC4642}.Debug|iPhoneSimulator.Deploy.0 = Debug|Any CPU
		{7FC512C9-AEBC-4213-8986-022FE8DC4642}.Debug|x64.ActiveCfg = Debug|Any CPU
		{7FC512C9-AEBC-4213-8986-022FE8DC4642}.Debug|x64.Build.0 = Debug|Any CPU
		{7FC512C9-AEBC-4213-8986-022FE8DC4642}.Debug|x64.Deploy.0 = Debug|Any CPU
		{7FC512C9-AEBC-4213-8986-022FE8DC4642}.Debug|x86.ActiveCfg = Debug|Any CPU
		{7FC512C9-AEBC-4213-8986-022FE8DC4642}.Debug|x86.Build.0 = Debug|Any CPU
		{7FC512C9-AEBC-4213-8986-022FE8DC4642}.Debug|x86.Deploy.0 = Debug|Any CPU
		{7FC512C9-AEBC-4213-8986-022FE8DC4642}.Release|Any CPU.ActiveCfg = Release|Any CPU
		{7FC512C9-AEBC-4213-8986-022FE8DC4642}.Release|Any CPU.Build.0 = Release|Any CPU
		{7FC512C9-AEBC-4213-8986-022FE8DC4642}.Release|Any CPU.Deploy.0 = Release|Any CPU
		{7FC512C9-AEBC-4213-8986-022FE8DC4642}.Release|ARM.ActiveCfg = Release|Any CPU
		{7FC512C9-AEBC-4213-8986-022FE8DC4642}.Release|ARM.Build.0 = Release|Any CPU
		{7FC512C9-AEBC-4213-8986-022FE8DC4642}.Release|ARM.Deploy.0 = Release|Any CPU
		{7FC512C9-AEBC-4213-8986-022FE8DC4642}.Release|iPhone.ActiveCfg = Release|Any CPU
		{7FC512C9-AEBC-4213-8986-022FE8DC4642}.Release|iPhone.Build.0 = Release|Any CPU
		{7FC512C9-AEBC-4213-8986-022FE8DC4642}.Release|iPhone.Deploy.0 = Release|Any CPU
		{7FC512C9-AEBC-4213-8986-022FE8DC4642}.Release|iPhoneSimulator.ActiveCfg = Release|Any CPU
		{7FC512C9-AEBC-4213-8986-022FE8DC4642}.Release|iPhoneSimulator.Build.0 = Release|Any CPU
		{7FC512C9-AEBC-4213-8986-022FE8DC4642}.Release|iPhoneSimulator.Deploy.0 = Release|Any CPU
		{7FC512C9-AEBC-4213-8986-022FE8DC4642}.Release|x64.ActiveCfg = Release|Any CPU
		{7FC512C9-AEBC-4213-8986-022FE8DC4642}.Release|x64.Build.0 = Release|Any CPU
		{7FC512C9-AEBC-4213-8986-022FE8DC4642}.Release|x64.Deploy.0 = Release|Any CPU
		{7FC512C9-AEBC-4213-8986-022FE8DC4642}.Release|x86.ActiveCfg = Release|Any CPU
		{7FC512C9-AEBC-4213-8986-022FE8DC4642}.Release|x86.Build.0 = Release|Any CPU
		{7FC512C9-AEBC-4213-8986-022FE8DC4642}.Release|x86.Deploy.0 = Release|Any CPU
		{ADA1FFB7-37D4-48FB-A7E2-895DC1A7EBEE}.Ad-Hoc|Any CPU.ActiveCfg = Ad-Hoc|iPhone
		{ADA1FFB7-37D4-48FB-A7E2-895DC1A7EBEE}.Ad-Hoc|ARM.ActiveCfg = Ad-Hoc|iPhone
		{ADA1FFB7-37D4-48FB-A7E2-895DC1A7EBEE}.Ad-Hoc|iPhone.ActiveCfg = Ad-Hoc|iPhone
		{ADA1FFB7-37D4-48FB-A7E2-895DC1A7EBEE}.Ad-Hoc|iPhone.Build.0 = Ad-Hoc|iPhone
		{ADA1FFB7-37D4-48FB-A7E2-895DC1A7EBEE}.Ad-Hoc|iPhoneSimulator.ActiveCfg = Ad-Hoc|iPhoneSimulator
		{ADA1FFB7-37D4-48FB-A7E2-895DC1A7EBEE}.Ad-Hoc|iPhoneSimulator.Build.0 = Ad-Hoc|iPhoneSimulator
		{ADA1FFB7-37D4-48FB-A7E2-895DC1A7EBEE}.Ad-Hoc|x64.ActiveCfg = Ad-Hoc|iPhone
		{ADA1FFB7-37D4-48FB-A7E2-895DC1A7EBEE}.Ad-Hoc|x86.ActiveCfg = Ad-Hoc|iPhone
		{ADA1FFB7-37D4-48FB-A7E2-895DC1A7EBEE}.AppStore|Any CPU.ActiveCfg = AppStore|iPhone
		{ADA1FFB7-37D4-48FB-A7E2-895DC1A7EBEE}.AppStore|ARM.ActiveCfg = AppStore|iPhone
		{ADA1FFB7-37D4-48FB-A7E2-895DC1A7EBEE}.AppStore|iPhone.ActiveCfg = AppStore|iPhone
		{ADA1FFB7-37D4-48FB-A7E2-895DC1A7EBEE}.AppStore|iPhone.Build.0 = AppStore|iPhone
		{ADA1FFB7-37D4-48FB-A7E2-895DC1A7EBEE}.AppStore|iPhoneSimulator.ActiveCfg = AppStore|iPhoneSimulator
		{ADA1FFB7-37D4-48FB-A7E2-895DC1A7EBEE}.AppStore|iPhoneSimulator.Build.0 = AppStore|iPhoneSimulator
		{ADA1FFB7-37D4-48FB-A7E2-895DC1A7EBEE}.AppStore|x64.ActiveCfg = AppStore|iPhone
		{ADA1FFB7-37D4-48FB-A7E2-895DC1A7EBEE}.AppStore|x86.ActiveCfg = AppStore|iPhone
		{ADA1FFB7-37D4-48FB-A7E2-895DC1A7EBEE}.Debug|Any CPU.ActiveCfg = Debug|iPhone
		{ADA1FFB7-37D4-48FB-A7E2-895DC1A7EBEE}.Debug|ARM.ActiveCfg = Debug|iPhone
		{ADA1FFB7-37D4-48FB-A7E2-895DC1A7EBEE}.Debug|iPhone.ActiveCfg = Debug|iPhone
		{ADA1FFB7-37D4-48FB-A7E2-895DC1A7EBEE}.Debug|iPhone.Build.0 = Debug|iPhone
		{ADA1FFB7-37D4-48FB-A7E2-895DC1A7EBEE}.Debug|iPhoneSimulator.ActiveCfg = Debug|iPhoneSimulator
		{ADA1FFB7-37D4-48FB-A7E2-895DC1A7EBEE}.Debug|iPhoneSimulator.Build.0 = Debug|iPhoneSimulator
		{ADA1FFB7-37D4-48FB-A7E2-895DC1A7EBEE}.Debug|x64.ActiveCfg = Debug|iPhone
		{ADA1FFB7-37D4-48FB-A7E2-895DC1A7EBEE}.Debug|x86.ActiveCfg = Debug|iPhone
		{ADA1FFB7-37D4-48FB-A7E2-895DC1A7EBEE}.Release|Any CPU.ActiveCfg = Release|iPhone
		{ADA1FFB7-37D4-48FB-A7E2-895DC1A7EBEE}.Release|ARM.ActiveCfg = Release|iPhone
		{ADA1FFB7-37D4-48FB-A7E2-895DC1A7EBEE}.Release|iPhone.ActiveCfg = Release|iPhone
		{ADA1FFB7-37D4-48FB-A7E2-895DC1A7EBEE}.Release|iPhone.Build.0 = Release|iPhone
		{ADA1FFB7-37D4-48FB-A7E2-895DC1A7EBEE}.Release|iPhoneSimulator.ActiveCfg = Release|iPhoneSimulator
		{ADA1FFB7-37D4-48FB-A7E2-895DC1A7EBEE}.Release|iPhoneSimulator.Build.0 = Release|iPhoneSimulator
		{ADA1FFB7-37D4-48FB-A7E2-895DC1A7EBEE}.Release|x64.ActiveCfg = Release|iPhone
		{ADA1FFB7-37D4-48FB-A7E2-895DC1A7EBEE}.Release|x86.ActiveCfg = Release|iPhone
		{B3DA1B37-AD4D-4F51-98BB-1164DAF6E1EE}.Ad-Hoc|Any CPU.ActiveCfg = Release|x86
		{B3DA1B37-AD4D-4F51-98BB-1164DAF6E1EE}.Ad-Hoc|Any CPU.Build.0 = Release|x86
		{B3DA1B37-AD4D-4F51-98BB-1164DAF6E1EE}.Ad-Hoc|Any CPU.Deploy.0 = Release|x86
		{B3DA1B37-AD4D-4F51-98BB-1164DAF6E1EE}.Ad-Hoc|ARM.ActiveCfg = Release|ARM
		{B3DA1B37-AD4D-4F51-98BB-1164DAF6E1EE}.Ad-Hoc|ARM.Build.0 = Release|ARM
		{B3DA1B37-AD4D-4F51-98BB-1164DAF6E1EE}.Ad-Hoc|ARM.Deploy.0 = Release|ARM
		{B3DA1B37-AD4D-4F51-98BB-1164DAF6E1EE}.Ad-Hoc|iPhone.ActiveCfg = Release|x86
		{B3DA1B37-AD4D-4F51-98BB-1164DAF6E1EE}.Ad-Hoc|iPhone.Build.0 = Release|x86
		{B3DA1B37-AD4D-4F51-98BB-1164DAF6E1EE}.Ad-Hoc|iPhone.Deploy.0 = Release|x86
		{B3DA1B37-AD4D-4F51-98BB-1164DAF6E1EE}.Ad-Hoc|iPhoneSimulator.ActiveCfg = Release|x86
		{B3DA1B37-AD4D-4F51-98BB-1164DAF6E1EE}.Ad-Hoc|iPhoneSimulator.Build.0 = Release|x86
		{B3DA1B37-AD4D-4F51-98BB-1164DAF6E1EE}.Ad-Hoc|iPhoneSimulator.Deploy.0 = Release|x86
		{B3DA1B37-AD4D-4F51-98BB-1164DAF6E1EE}.Ad-Hoc|x64.ActiveCfg = Release|x64
		{B3DA1B37-AD4D-4F51-98BB-1164DAF6E1EE}.Ad-Hoc|x64.Build.0 = Release|x64
		{B3DA1B37-AD4D-4F51-98BB-1164DAF6E1EE}.Ad-Hoc|x64.Deploy.0 = Release|x64
		{B3DA1B37-AD4D-4F51-98BB-1164DAF6E1EE}.Ad-Hoc|x86.ActiveCfg = Release|x86
		{B3DA1B37-AD4D-4F51-98BB-1164DAF6E1EE}.Ad-Hoc|x86.Build.0 = Release|x86
		{B3DA1B37-AD4D-4F51-98BB-1164DAF6E1EE}.Ad-Hoc|x86.Deploy.0 = Release|x86
		{B3DA1B37-AD4D-4F51-98BB-1164DAF6E1EE}.AppStore|Any CPU.ActiveCfg = Release|x86
		{B3DA1B37-AD4D-4F51-98BB-1164DAF6E1EE}.AppStore|Any CPU.Build.0 = Release|x86
		{B3DA1B37-AD4D-4F51-98BB-1164DAF6E1EE}.AppStore|Any CPU.Deploy.0 = Release|x86
		{B3DA1B37-AD4D-4F51-98BB-1164DAF6E1EE}.AppStore|ARM.ActiveCfg = Release|ARM
		{B3DA1B37-AD4D-4F51-98BB-1164DAF6E1EE}.AppStore|ARM.Build.0 = Release|ARM
		{B3DA1B37-AD4D-4F51-98BB-1164DAF6E1EE}.AppStore|ARM.Deploy.0 = Release|ARM
		{B3DA1B37-AD4D-4F51-98BB-1164DAF6E1EE}.AppStore|iPhone.ActiveCfg = Release|x86
		{B3DA1B37-AD4D-4F51-98BB-1164DAF6E1EE}.AppStore|iPhone.Build.0 = Release|x86
		{B3DA1B37-AD4D-4F51-98BB-1164DAF6E1EE}.AppStore|iPhone.Deploy.0 = Release|x86
		{B3DA1B37-AD4D-4F51-98BB-1164DAF6E1EE}.AppStore|iPhoneSimulator.ActiveCfg = Release|x86
		{B3DA1B37-AD4D-4F51-98BB-1164DAF6E1EE}.AppStore|iPhoneSimulator.Build.0 = Release|x86
		{B3DA1B37-AD4D-4F51-98BB-1164DAF6E1EE}.AppStore|iPhoneSimulator.Deploy.0 = Release|x86
		{B3DA1B37-AD4D-4F51-98BB-1164DAF6E1EE}.AppStore|x64.ActiveCfg = Release|x64
		{B3DA1B37-AD4D-4F51-98BB-1164DAF6E1EE}.AppStore|x64.Build.0 = Release|x64
		{B3DA1B37-AD4D-4F51-98BB-1164DAF6E1EE}.AppStore|x64.Deploy.0 = Release|x64
		{B3DA1B37-AD4D-4F51-98BB-1164DAF6E1EE}.AppStore|x86.ActiveCfg = Release|x86
		{B3DA1B37-AD4D-4F51-98BB-1164DAF6E1EE}.AppStore|x86.Build.0 = Release|x86
		{B3DA1B37-AD4D-4F51-98BB-1164DAF6E1EE}.AppStore|x86.Deploy.0 = Release|x86
		{B3DA1B37-AD4D-4F51-98BB-1164DAF6E1EE}.Debug|Any CPU.ActiveCfg = Debug|x86
		{B3DA1B37-AD4D-4F51-98BB-1164DAF6E1EE}.Debug|ARM.ActiveCfg = Debug|ARM
		{B3DA1B37-AD4D-4F51-98BB-1164DAF6E1EE}.Debug|ARM.Build.0 = Debug|ARM
		{B3DA1B37-AD4D-4F51-98BB-1164DAF6E1EE}.Debug|ARM.Deploy.0 = Debug|ARM
		{B3DA1B37-AD4D-4F51-98BB-1164DAF6E1EE}.Debug|iPhone.ActiveCfg = Debug|x86
		{B3DA1B37-AD4D-4F51-98BB-1164DAF6E1EE}.Debug|iPhoneSimulator.ActiveCfg = Debug|x86
		{B3DA1B37-AD4D-4F51-98BB-1164DAF6E1EE}.Debug|x64.ActiveCfg = Debug|x64
		{B3DA1B37-AD4D-4F51-98BB-1164DAF6E1EE}.Debug|x64.Build.0 = Debug|x64
		{B3DA1B37-AD4D-4F51-98BB-1164DAF6E1EE}.Debug|x64.Deploy.0 = Debug|x64
		{B3DA1B37-AD4D-4F51-98BB-1164DAF6E1EE}.Debug|x86.ActiveCfg = Debug|x86
		{B3DA1B37-AD4D-4F51-98BB-1164DAF6E1EE}.Debug|x86.Build.0 = Debug|x86
		{B3DA1B37-AD4D-4F51-98BB-1164DAF6E1EE}.Debug|x86.Deploy.0 = Debug|x86
		{B3DA1B37-AD4D-4F51-98BB-1164DAF6E1EE}.Release|Any CPU.ActiveCfg = Release|x86
		{B3DA1B37-AD4D-4F51-98BB-1164DAF6E1EE}.Release|ARM.ActiveCfg = Release|ARM
		{B3DA1B37-AD4D-4F51-98BB-1164DAF6E1EE}.Release|ARM.Build.0 = Release|ARM
		{B3DA1B37-AD4D-4F51-98BB-1164DAF6E1EE}.Release|ARM.Deploy.0 = Release|ARM
		{B3DA1B37-AD4D-4F51-98BB-1164DAF6E1EE}.Release|iPhone.ActiveCfg = Release|x86
		{B3DA1B37-AD4D-4F51-98BB-1164DAF6E1EE}.Release|iPhoneSimulator.ActiveCfg = Release|x86
		{B3DA1B37-AD4D-4F51-98BB-1164DAF6E1EE}.Release|x64.ActiveCfg = Release|x64
		{B3DA1B37-AD4D-4F51-98BB-1164DAF6E1EE}.Release|x64.Build.0 = Release|x64
		{B3DA1B37-AD4D-4F51-98BB-1164DAF6E1EE}.Release|x64.Deploy.0 = Release|x64
		{B3DA1B37-AD4D-4F51-98BB-1164DAF6E1EE}.Release|x86.ActiveCfg = Release|x86
		{B3DA1B37-AD4D-4F51-98BB-1164DAF6E1EE}.Release|x86.Build.0 = Release|x86
		{B3DA1B37-AD4D-4F51-98BB-1164DAF6E1EE}.Release|x86.Deploy.0 = Release|x86
	EndGlobalSection
	GlobalSection(SolutionProperties) = preSolution
		HideSolutionNode = FALSE
	EndGlobalSection
	GlobalSection(ExtensibilityGlobals) = postSolution
		SolutionGuid = {53C6AC55-AF96-40E7-A6C9-20E27B0FFEDE}
	EndGlobalSection
EndGlobal
